// !$*UTF8*$!
{
	archiveVersion = 1;
	classes = {
	};
	objectVersion = 46;
	objects = {

/* Begin PBXBuildFile section */
		1523685B1F18655F00C46055 /* main.m in Sources */ = {isa = PBXBuildFile; fileRef = 1523685A1F18655F00C46055 /* main.m */; };
		1523685E1F18655F00C46055 /* AppDelegate.m in Sources */ = {isa = PBXBuildFile; fileRef = 1523685D1F18655F00C46055 /* AppDelegate.m */; };
		152368611F18655F00C46055 /* ViewController.m in Sources */ = {isa = PBXBuildFile; fileRef = 152368601F18655F00C46055 /* ViewController.m */; };
		152368641F18655F00C46055 /* Main.storyboard in Resources */ = {isa = PBXBuildFile; fileRef = 152368621F18655F00C46055 /* Main.storyboard */; };
		152368661F18655F00C46055 /* Assets.xcassets in Resources */ = {isa = PBXBuildFile; fileRef = 152368651F18655F00C46055 /* Assets.xcassets */; };
		152368691F18655F00C46055 /* LaunchScreen.storyboard in Resources */ = {isa = PBXBuildFile; fileRef = 152368671F18655F00C46055 /* LaunchScreen.storyboard */; };
		152368741F18655F00C46055 /* GitTestDemoTests.m in Sources */ = {isa = PBXBuildFile; fileRef = 152368731F18655F00C46055 /* GitTestDemoTests.m */; };
		1523687F1F18655F00C46055 /* GitTestDemoUITests.m in Sources */ = {isa = PBXBuildFile; fileRef = 1523687E1F18655F00C46055 /* GitTestDemoUITests.m */; };
/* End PBXBuildFile section */

/* Begin PBXContainerItemProxy section */
		152368701F18655F00C46055 /* PBXContainerItemProxy */ = {
			isa = PBXContainerItemProxy;
			containerPortal = 1523684E1F18655F00C46055 /* Project object */;
			proxyType = 1;
			remoteGlobalIDString = 152368551F18655F00C46055;
			remoteInfo = GitTestDemo;
		};
		1523687B1F18655F00C46055 /* PBXContainerItemProxy */ = {
			isa = PBXContainerItemProxy;
			containerPortal = 1523684E1F18655F00C46055 /* Project object */;
			proxyType = 1;
			remoteGlobalIDString = 152368551F18655F00C46055;
			remoteInfo = GitTestDemo;
		};
/* End PBXContainerItemProxy section */

/* Begin PBXFileReference section */
		152368561F18655F00C46055 /* GitTestDemo.app */ = {isa = PBXFileReference; explicitFileType = wrapper.application; includeInIndex = 0; path = GitTestDemo.app; sourceTree = BUILT_PRODUCTS_DIR; };
		1523685A1F18655F00C46055 /* main.m */ = {isa = PBXFileReference; lastKnownFileType = sourcecode.c.objc; path = main.m; sourceTree = "<group>"; };
		1523685C1F18655F00C46055 /* AppDelegate.h */ = {isa = PBXFileReference; lastKnownFileType = sourcecode.c.h; path = AppDelegate.h; sourceTree = "<group>"; };
		1523685D1F18655F00C46055 /* AppDelegate.m */ = {isa = PBXFileReference; lastKnownFileType = sourcecode.c.objc; path = AppDelegate.m; sourceTree = "<group>"; };
		1523685F1F18655F00C46055 /* ViewController.h */ = {isa = PBXFileReference; lastKnownFileType = sourcecode.c.h; path = ViewController.h; sourceTree = "<group>"; };
		152368601F18655F00C46055 /* ViewController.m */ = {isa = PBXFileReference; lastKnownFileType = sourcecode.c.objc; path = ViewController.m; sourceTree = "<group>"; };
		152368631F18655F00C46055 /* Base */ = {isa = PBXFileReference; lastKnownFileType = file.storyboard; name = Base; path = Base.lproj/Main.storyboard; sourceTree = "<group>"; };
		152368651F18655F00C46055 /* Assets.xcassets */ = {isa = PBXFileReference; lastKnownFileType = folder.assetcatalog; path = Assets.xcassets; sourceTree = "<group>"; };
		152368681F18655F00C46055 /* Base */ = {isa = PBXFileReference; lastKnownFileType = file.storyboard; name = Base; path = Base.lproj/LaunchScreen.storyboard; sourceTree = "<group>"; };
		1523686A1F18655F00C46055 /* Info.plist */ = {isa = PBXFileReference; lastKnownFileType = text.plist.xml; path = Info.plist; sourceTree = "<group>"; };
		1523686F1F18655F00C46055 /* GitTestDemoTests.xctest */ = {isa = PBXFileReference; explicitFileType = wrapper.cfbundle; includeInIndex = 0; path = GitTestDemoTests.xctest; sourceTree = BUILT_PRODUCTS_DIR; };
		152368731F18655F00C46055 /* GitTestDemoTests.m */ = {isa = PBXFileReference; lastKnownFileType = sourcecode.c.objc; path = GitTestDemoTests.m; sourceTree = "<group>"; };
		152368751F18655F00C46055 /* Info.plist */ = {isa = PBXFileReference; lastKnownFileType = text.plist.xml; path = Info.plist; sourceTree = "<group>"; };
		1523687A1F18655F00C46055 /* GitTestDemoUITests.xctest */ = {isa = PBXFileReference; explicitFileType = wrapper.cfbundle; includeInIndex = 0; path = GitTestDemoUITests.xctest; sourceTree = BUILT_PRODUCTS_DIR; };
		1523687E1F18655F00C46055 /* GitTestDemoUITests.m */ = {isa = PBXFileReference; lastKnownFileType = sourcecode.c.objc; path = GitTestDemoUITests.m; sourceTree = "<group>"; };
		152368801F18655F00C46055 /* Info.plist */ = {isa = PBXFileReference; lastKnownFileType = text.plist.xml; path = Info.plist; sourceTree = "<group>"; };
/* End PBXFileReference section */

/* Begin PBXFrameworksBuildPhase section */
		152368531F18655F00C46055 /* Frameworks */ = {
			isa = PBXFrameworksBuildPhase;
			buildActionMask = 2147483647;
			files = (
			);
			runOnlyForDeploymentPostprocessing = 0;
		};
		1523686C1F18655F00C46055 /* Frameworks */ = {
			isa = PBXFrameworksBuildPhase;
			buildActionMask = 2147483647;
			files = (
			);
			runOnlyForDeploymentPostprocessing = 0;
		};
		152368771F18655F00C46055 /* Frameworks */ = {
			isa = PBXFrameworksBuildPhase;
			buildActionMask = 2147483647;
			files = (
			);
			runOnlyForDeploymentPostprocessing = 0;
		};
/* End PBXFrameworksBuildPhase section */

/* Begin PBXGroup section */
		1523684D1F18655F00C46055 = {
			isa = PBXGroup;
			children = (
				152368581F18655F00C46055 /* GitTestDemo */,
				152368721F18655F00C46055 /* GitTestDemoTests */,
				1523687D1F18655F00C46055 /* GitTestDemoUITests */,
				152368571F18655F00C46055 /* Products */,
			);
			sourceTree = "<group>";
		};
		152368571F18655F00C46055 /* Products */ = {
			isa = PBXGroup;
			children = (
				152368561F18655F00C46055 /* GitTestDemo.app */,
				1523686F1F18655F00C46055 /* GitTestDemoTests.xctest */,
				1523687A1F18655F00C46055 /* GitTestDemoUITests.xctest */,
			);
			name = Products;
			sourceTree = "<group>";
		};
		152368581F18655F00C46055 /* GitTestDemo */ = {
			isa = PBXGroup;
			children = (
				1523685C1F18655F00C46055 /* AppDelegate.h */,
				1523685D1F18655F00C46055 /* AppDelegate.m */,
				1523685F1F18655F00C46055 /* ViewController.h */,
				152368601F18655F00C46055 /* ViewController.m */,
				152368621F18655F00C46055 /* Main.storyboard */,
				152368651F18655F00C46055 /* Assets.xcassets */,
				152368671F18655F00C46055 /* LaunchScreen.storyboard */,
				1523686A1F18655F00C46055 /* Info.plist */,
				152368591F18655F00C46055 /* Supporting Files */,
			);
			path = GitTestDemo;
			sourceTree = "<group>";
		};
		152368591F18655F00C46055 /* Supporting Files */ = {
			isa = PBXGroup;
			children = (
				1523685A1F18655F00C46055 /* main.m */,
			);
			name = "Supporting Files";
			sourceTree = "<group>";
		};
		152368721F18655F00C46055 /* GitTestDemoTests */ = {
			isa = PBXGroup;
			children = (
				152368731F18655F00C46055 /* GitTestDemoTests.m */,
				152368751F18655F00C46055 /* Info.plist */,
			);
			path = GitTestDemoTests;
			sourceTree = "<group>";
		};
		1523687D1F18655F00C46055 /* GitTestDemoUITests */ = {
			isa = PBXGroup;
			children = (
				1523687E1F18655F00C46055 /* GitTestDemoUITests.m */,
				152368801F18655F00C46055 /* Info.plist */,
			);
			path = GitTestDemoUITests;
			sourceTree = "<group>";
		};
/* End PBXGroup section */

/* Begin PBXNativeTarget section */
		152368551F18655F00C46055 /* GitTestDemo */ = {
			isa = PBXNativeTarget;
			buildConfigurationList = 152368831F18655F00C46055 /* Build configuration list for PBXNativeTarget "GitTestDemo" */;
			buildPhases = (
				152368521F18655F00C46055 /* Sources */,
				152368531F18655F00C46055 /* Frameworks */,
				152368541F18655F00C46055 /* Resources */,
			);
			buildRules = (
			);
			dependencies = (
			);
			name = GitTestDemo;
			productName = GitTestDemo;
			productReference = 152368561F18655F00C46055 /* GitTestDemo.app */;
			productType = "com.apple.product-type.application";
		};
		1523686E1F18655F00C46055 /* GitTestDemoTests */ = {
			isa = PBXNativeTarget;
			buildConfigurationList = 152368861F18655F00C46055 /* Build configuration list for PBXNativeTarget "GitTestDemoTests" */;
			buildPhases = (
				1523686B1F18655F00C46055 /* Sources */,
				1523686C1F18655F00C46055 /* Frameworks */,
				1523686D1F18655F00C46055 /* Resources */,
			);
			buildRules = (
			);
			dependencies = (
				152368711F18655F00C46055 /* PBXTargetDependency */,
			);
			name = GitTestDemoTests;
			productName = GitTestDemoTests;
			productReference = 1523686F1F18655F00C46055 /* GitTestDemoTests.xctest */;
			productType = "com.apple.product-type.bundle.unit-test";
		};
		152368791F18655F00C46055 /* GitTestDemoUITests */ = {
			isa = PBXNativeTarget;
			buildConfigurationList = 152368891F18655F00C46055 /* Build configuration list for PBXNativeTarget "GitTestDemoUITests" */;
			buildPhases = (
				152368761F18655F00C46055 /* Sources */,
				152368771F18655F00C46055 /* Frameworks */,
				152368781F18655F00C46055 /* Resources */,
			);
			buildRules = (
			);
			dependencies = (
				1523687C1F18655F00C46055 /* PBXTargetDependency */,
			);
			name = GitTestDemoUITests;
			productName = GitTestDemoUITests;
			productReference = 1523687A1F18655F00C46055 /* GitTestDemoUITests.xctest */;
			productType = "com.apple.product-type.bundle.ui-testing";
		};
/* End PBXNativeTarget section */

/* Begin PBXProject section */
		1523684E1F18655F00C46055 /* Project object */ = {
			isa = PBXProject;
			attributes = {
				LastUpgradeCheck = 0830;
				ORGANIZATIONNAME = bestamall;
				TargetAttributes = {
					152368551F18655F00C46055 = {
						CreatedOnToolsVersion = 8.3.3;
						ProvisioningStyle = Automatic;
					};
					1523686E1F18655F00C46055 = {
						CreatedOnToolsVersion = 8.3.3;
						ProvisioningStyle = Automatic;
						TestTargetID = 152368551F18655F00C46055;
					};
					152368791F18655F00C46055 = {
						CreatedOnToolsVersion = 8.3.3;
						ProvisioningStyle = Automatic;
						TestTargetID = 152368551F18655F00C46055;
					};
				};
			};
			buildConfigurationList = 152368511F18655F00C46055 /* Build configuration list for PBXProject "GitTestDemo" */;
			compatibilityVersion = "Xcode 3.2";
			developmentRegion = English;
			hasScannedForEncodings = 0;
			knownRegions = (
				en,
				Base,
			);
			mainGroup = 1523684D1F18655F00C46055;
			productRefGroup = 152368571F18655F00C46055 /* Products */;
			projectDirPath = "";
			projectRoot = "";
			targets = (
				152368551F18655F00C46055 /* GitTestDemo */,
				1523686E1F18655F00C46055 /* GitTestDemoTests */,
				152368791F18655F00C46055 /* GitTestDemoUITests */,
			);
		};
/* End PBXProject section */

/* Begin PBXResourcesBuildPhase section */
		152368541F18655F00C46055 /* Resources */ = {
			isa = PBXResourcesBuildPhase;
			buildActionMask = 2147483647;
			files = (
				152368691F18655F00C46055 /* LaunchScreen.storyboard in Resources */,
				152368661F18655F00C46055 /* Assets.xcassets in Resources */,
				152368641F18655F00C46055 /* Main.storyboard in Resources */,
			);
			runOnlyForDeploymentPostprocessing = 0;
		};
		1523686D1F18655F00C46055 /* Resources */ = {
			isa = PBXResourcesBuildPhase;
			buildActionMask = 2147483647;
			files = (
			);
			runOnlyForDeploymentPostprocessing = 0;
		};
		152368781F18655F00C46055 /* Resources */ = {
			isa = PBXResourcesBuildPhase;
			buildActionMask = 2147483647;
			files = (
			);
			runOnlyForDeploymentPostprocessing = 0;
		};
/* End PBXResourcesBuildPhase section */

/* Begin PBXSourcesBuildPhase section */
		152368521F18655F00C46055 /* Sources */ = {
			isa = PBXSourcesBuildPhase;
			buildActionMask = 2147483647;
			files = (
				152368611F18655F00C46055 /* ViewController.m in Sources */,
				1523685E1F18655F00C46055 /* AppDelegate.m in Sources */,
				1523685B1F18655F00C46055 /* main.m in Sources */,
			);
			runOnlyForDeploymentPostprocessing = 0;
		};
		1523686B1F18655F00C46055 /* Sources */ = {
			isa = PBXSourcesBuildPhase;
			buildActionMask = 2147483647;
			files = (
				152368741F18655F00C46055 /* GitTestDemoTests.m in Sources */,
			);
			runOnlyForDeploymentPostprocessing = 0;
		};
		152368761F18655F00C46055 /* Sources */ = {
			isa = PBXSourcesBuildPhase;
			buildActionMask = 2147483647;
			files = (
				1523687F1F18655F00C46055 /* GitTestDemoUITests.m in Sources */,
			);
			runOnlyForDeploymentPostprocessing = 0;
		};
/* End PBXSourcesBuildPhase section */

/* Begin PBXTargetDependency section */
		152368711F18655F00C46055 /* PBXTargetDependency */ = {
			isa = PBXTargetDependency;
			target = 152368551F18655F00C46055 /* GitTestDemo */;
			targetProxy = 152368701F18655F00C46055 /* PBXContainerItemProxy */;
		};
		1523687C1F18655F00C46055 /* PBXTargetDependency */ = {
			isa = PBXTargetDependency;
			target = 152368551F18655F00C46055 /* GitTestDemo */;
			targetProxy = 1523687B1F18655F00C46055 /* PBXContainerItemProxy */;
		};
/* End PBXTargetDependency section */

/* Begin PBXVariantGroup section */
		152368621F18655F00C46055 /* Main.storyboard */ = {
			isa = PBXVariantGroup;
			children = (
				152368631F18655F00C46055 /* Base */,
			);
			name = Main.storyboard;
			sourceTree = "<group>";
		};
		152368671F18655F00C46055 /* LaunchScreen.storyboard */ = {
			isa = PBXVariantGroup;
			children = (
				152368681F18655F00C46055 /* Base */,
			);
			name = LaunchScreen.storyboard;
			sourceTree = "<group>";
		};
/* End PBXVariantGroup section */

/* Begin XCBuildConfiguration section */
		152368811F18655F00C46055 /* Debug */ = {
			isa = XCBuildConfiguration;
			buildSettings = {
				ALWAYS_SEARCH_USER_PATHS = NO;
				CLANG_ANALYZER_NONNULL = YES;
				CLANG_ANALYZER_NUMBER_OBJECT_CONVERSION = YES_AGGRESSIVE;
				CLANG_CXX_LANGUAGE_STANDARD = "gnu++0x";
				CLANG_CXX_LIBRARY = "libc++";
				CLANG_ENABLE_MODULES = YES;
				CLANG_ENABLE_OBJC_ARC = YES;
				CLANG_WARN_BOOL_CONVERSION = YES;
				CLANG_WARN_CONSTANT_CONVERSION = YES;
				CLANG_WARN_DIRECT_OBJC_ISA_USAGE = YES_ERROR;
				CLANG_WARN_DOCUMENTATION_COMMENTS = YES;
				CLANG_WARN_EMPTY_BODY = YES;
				CLANG_WARN_ENUM_CONVERSION = YES;
				CLANG_WARN_INFINITE_RECURSION = YES;
				CLANG_WARN_INT_CONVERSION = YES;
				CLANG_WARN_OBJC_ROOT_CLASS = YES_ERROR;
				CLANG_WARN_SUSPICIOUS_MOVE = YES;
				CLANG_WARN_UNREACHABLE_CODE = YES;
				CLANG_WARN__DUPLICATE_METHOD_MATCH = YES;
				"CODE_SIGN_IDENTITY[sdk=iphoneos*]" = "iPhone Developer";
				COPY_PHASE_STRIP = NO;
				DEBUG_INFORMATION_FORMAT = dwarf;
				ENABLE_STRICT_OBJC_MSGSEND = YES;
				ENABLE_TESTABILITY = YES;
				GCC_C_LANGUAGE_STANDARD = gnu99;
				GCC_DYNAMIC_NO_PIC = NO;
				GCC_NO_COMMON_BLOCKS = YES;
				GCC_OPTIMIZATION_LEVEL = 0;
				GCC_PREPROCESSOR_DEFINITIONS = (
					"DEBUG=1",
					"$(inherited)",
				);
				GCC_WARN_64_TO_32_BIT_CONVERSION = YES;
				GCC_WARN_ABOUT_RETURN_TYPE = YES_ERROR;
				GCC_WARN_UNDECLARED_SELECTOR = YES;
				GCC_WARN_UNINITIALIZED_AUTOS = YES_AGGRESSIVE;
				GCC_WARN_UNUSED_FUNCTION = YES;
				GCC_WARN_UNUSED_VARIABLE = YES;
				IPHONEOS_DEPLOYMENT_TARGET = 10.3;
				MTL_ENABLE_DEBUG_INFO = YES;
				ONLY_ACTIVE_ARCH = YES;
				SDKROOT = iphoneos;
				TARGETED_DEVICE_FAMILY = "1,2";
			};
			name = Debug;
		};
		152368821F18655F00C46055 /* Release */ = {
			isa = XCBuildConfiguration;
			buildSettings = {
				ALWAYS_SEARCH_USER_PATHS = NO;
				CLANG_ANALYZER_NONNULL = YES;
				CLANG_ANALYZER_NUMBER_OBJECT_CONVERSION = YES_AGGRESSIVE;
				CLANG_CXX_LANGUAGE_STANDARD = "gnu++0x";
				CLANG_CXX_LIBRARY = "libc++";
				CLANG_ENABLE_MODULES = YES;
				CLANG_ENABLE_OBJC_ARC = YES;
				CLANG_WARN_BOOL_CONVERSION = YES;
				CLANG_WARN_CONSTANT_CONVERSION = YES;
				CLANG_WARN_DIRECT_OBJC_ISA_USAGE = YES_ERROR;
				CLANG_WARN_DOCUMENTATION_COMMENTS = YES;
				CLANG_WARN_EMPTY_BODY = YES;
				CLANG_WARN_ENUM_CONVERSION = YES;
				CLANG_WARN_INFINITE_RECURSION = YES;
				CLANG_WARN_INT_CONVERSION = YES;
				CLANG_WARN_OBJC_ROOT_CLASS = YES_ERROR;
				CLANG_WARN_SUSPICIOUS_MOVE = YES;
				CLANG_WARN_UNREACHABLE_CODE = YES;
				CLANG_WARN__DUPLICATE_METHOD_MATCH = YES;
				"CODE_SIGN_IDENTITY[sdk=iphoneos*]" = "iPhone Developer";
				COPY_PHASE_STRIP = NO;
				DEBUG_INFORMATION_FORMAT = "dwarf-with-dsym";
				ENABLE_NS_ASSERTIONS = NO;
				ENABLE_STRICT_OBJC_MSGSEND = YES;
				GCC_C_LANGUAGE_STANDARD = gnu99;
				GCC_NO_COMMON_BLOCKS = YES;
				GCC_WARN_64_TO_32_BIT_CONVERSION = YES;
				GCC_WARN_ABOUT_RETURN_TYPE = YES_ERROR;
				GCC_WARN_UNDECLARED_SELECTOR = YES;
				GCC_WARN_UNINITIALIZED_AUTOS = YES_AGGRESSIVE;
				GCC_WARN_UNUSED_FUNCTION = YES;
				GCC_WARN_UNUSED_VARIABLE = YES;
				IPHONEOS_DEPLOYMENT_TARGET = 10.3;
				MTL_ENABLE_DEBUG_INFO = NO;
				SDKROOT = iphoneos;
				TARGETED_DEVICE_FAMILY = "1,2";
				VALIDATE_PRODUCT = YES;
			};
			name = Release;
		};
		152368841F18655F00C46055 /* Debug */ = {
			isa = XCBuildConfiguration;
			buildSettings = {
				ASSETCATALOG_COMPILER_APPICON_NAME = AppIcon;
				INFOPLIST_FILE = GitTestDemo/Info.plist;
				LD_RUNPATH_SEARCH_PATHS = "$(inherited) @executable_path/Frameworks";
				PRODUCT_BUNDLE_IDENTIFIER = com.bestamall.GitTestDemo;
				PRODUCT_NAME = "$(TARGET_NAME)";
			};
			name = Debug;
		};
		152368851F18655F00C46055 /* Release */ = {
			isa = XCBuildConfiguration;
			buildSettings = {
				ASSETCATALOG_COMPILER_APPICON_NAME = AppIcon;
				INFOPLIST_FILE = GitTestDemo/Info.plist;
				LD_RUNPATH_SEARCH_PATHS = "$(inherited) @executable_path/Frameworks";
				PRODUCT_BUNDLE_IDENTIFIER = com.bestamall.GitTestDemo;
				PRODUCT_NAME = "$(TARGET_NAME)";
			};
			name = Release;
		};
		152368871F18655F00C46055 /* Debug */ = {
			isa = XCBuildConfiguration;
			buildSettings = {
				BUNDLE_LOADER = "$(TEST_HOST)";
				INFOPLIST_FILE = GitTestDemoTests/Info.plist;
				LD_RUNPATH_SEARCH_PATHS = "$(inherited) @executable_path/Frameworks @loader_path/Frameworks";
				PRODUCT_BUNDLE_IDENTIFIER = com.bestamall.GitTestDemoTests;
				PRODUCT_NAME = "$(TARGET_NAME)";
				TEST_HOST = "$(BUILT_PRODUCTS_DIR)/GitTestDemo.app/GitTestDemo";
			};
			name = Debug;
		};
		152368881F18655F00C46055 /* Release */ = {
			isa = XCBuildConfiguration;
			buildSettings = {
				BUNDLE_LOADER = "$(TEST_HOST)";
				INFOPLIST_FILE = GitTestDemoTests/Info.plist;
				LD_RUNPATH_SEARCH_PATHS = "$(inherited) @executable_path/Frameworks @loader_path/Frameworks";
				PRODUCT_BUNDLE_IDENTIFIER = com.bestamall.GitTestDemoTests;
				PRODUCT_NAME = "$(TARGET_NAME)";
				TEST_HOST = "$(BUILT_PRODUCTS_DIR)/GitTestDemo.app/GitTestDemo";
			};
			name = Release;
		};
		1523688A1F18655F00C46055 /* Debug */ = {
			isa = XCBuildConfiguration;
			buildSettings = {
				INFOPLIST_FILE = GitTestDemoUITests/Info.plist;
				LD_RUNPATH_SEARCH_PATHS = "$(inherited) @executable_path/Frameworks @loader_path/Frameworks";
				PRODUCT_BUNDLE_IDENTIFIER = com.bestamall.GitTestDemoUITests;
				PRODUCT_NAME = "$(TARGET_NAME)";
				TEST_TARGET_NAME = GitTestDemo;
			};
			name = Debug;
		};
		1523688B1F18655F00C46055 /* Release */ = {
			isa = XCBuildConfiguration;
			buildSettings = {
				INFOPLIST_FILE = GitTestDemoUITests/Info.plist;
				LD_RUNPATH_SEARCH_PATHS = "$(inherited) @executable_path/Frameworks @loader_path/Frameworks";
				PRODUCT_BUNDLE_IDENTIFIER = com.bestamall.GitTestDemoUITests;
				PRODUCT_NAME = "$(TARGET_NAME)";
				TEST_TARGET_NAME = GitTestDemo;
			};
			name = Release;
		};
/* End XCBuildConfiguration section */

/* Begin XCConfigurationList section */
		152368511F18655F00C46055 /* Build configuration list for PBXProject "GitTestDemo" */ = {
			isa = XCConfigurationList;
			buildConfigurations = (
				152368811F18655F00C46055 /* Debug */,
				152368821F18655F00C46055 /* Release */,
			);
			defaultConfigurationIsVisible = 0;
			defaultConfigurationName = Release;
		};
		152368831F18655F00C46055 /* Build configuration list for PBXNativeTarget "GitTestDemo" */ = {
			isa = XCConfigurationList;
			buildConfigurations = (
				152368841F18655F00C46055 /* Debug */,
				152368851F18655F00C46055 /* Release */,
			);
			defaultConfigurationIsVisible = 0;
		};
		152368861F18655F00C46055 /* Build configuration list for PBXNativeTarget "GitTestDemoTests" */ = {
			isa = XCConfigurationList;
			buildConfigurations = (
				152368871F18655F00C46055 /* Debug */,
				152368881F18655F00C46055 /* Release */,
			);
			defaultConfigurationIsVisible = 0;
		};
		152368891F18655F00C46055 /* Build configuration list for PBXNativeTarget "GitTestDemoUITests" */ = {
			isa = XCConfigurationList;
			buildConfigurations = (
				1523688A1F18655F00C46055 /* Debug */,
				1523688B1F18655F00C46055 /* Release */,
			);
			defaultConfigurationIsVisible = 0;
		};
/* End XCConfigurationList section */
	};
	rootObject = 1523684E1F18655F00C46055 /* Project object */;
}
